
Microsoft Visual Studio Solution File, Format Version 12.00
# Visual Studio Version 16
VisualStudioVersion = 16.0.31005.135
MinimumVisualStudioVersion = 10.0.40219.1
Project("{8BC9CEB8-8B4A-11D0-8D11-00A0C91BC942}") = "Em", "Em\Em.vcxproj", "{14461469-FC6B-4EFB-AAE1-78F5AE3B119A}"
EndProject
Global
	GlobalSection(SolutionConfigurationPlatforms) = preSolution
		Debug|x64 = Debug|x64
		Debug|x86 = Debug|x86
		Release|x64 = Release|x64
		Release|x86 = Release|x86
	EndGlobalSection
	GlobalSection(ProjectConfigurationPlatforms) = postSolution
		{14461469-FC6B-4EFB-AAE1-78F5AE3B119A}.Debug|x64.ActiveCfg = Debug|x64
		{14461469-FC6B-4EFB-AAE1-78F5AE3B119A}.Debug|x64.Build.0 = Debug|x64
		{14461469-FC6B-4EFB-AAE1-78F5AE3B119A}.Debug|x86.ActiveCfg = Debug|Win32
		{14461469-FC6B-4EFB-AAE1-78F5AE3B119A}.Debug|x86.Build.0 = Debug|Win32
		{14461469-FC6B-4EFB-AAE1-78F5AE3B119A}.Release|x64.ActiveCfg = Release|x64
		{14461469-FC6B-4EFB-AAE1-78F5AE3B119A}.Release|x64.Build.0 = Release|x64
		{14461469-FC6B-4EFB-AAE1-78F5AE3B119A}.Release|x86.ActiveCfg = Release|Win32
		{14461469-FC6B-4EFB-AAE1-78F5AE3B119A}.Release|x86.Build.0 = Release|Win32
	EndGlobalSection
	GlobalSection(SolutionProperties) = preSolution
		HideSolutionNode = FALSE
	EndGlobalSection
	GlobalSection(ExtensibilityGlobals) = postSolution
		SolutionGuid = {A02AB1D7-3380-4737-92D6-395591E65A5B}
	EndGlobalSection
EndGlobal
